
Microsoft Visual Studio Solution File, Format Version 12.00
# Visual Studio Version 17
VisualStudioVersion = 17.4.33213.308
MinimumVisualStudioVersion = 10.0.40219.1
Project("{FAE04EC0-301F-11D3-BF4B-00C04F79EFBC}") = "IS5", "IS5.csproj", "{D2E518D8-AD9C-46DB-98EB-D616E673E7E9}"
EndProject
Project("{54435603-DBB4-11D2-8724-00A0C9A8B90C}") = "Setup", "..\Setup\Setup.vdproj", "{C4370EBD-8BDC-4374-9AF6-FA5CB726D9A1}"
EndProject
Global
	GlobalSection(SolutionConfigurationPlatforms) = preSolution
		Debug|Any CPU = Debug|Any CPU
		Release|Any CPU = Release|Any CPU
	EndGlobalSection
	GlobalSection(ProjectConfigurationPlatforms) = postSolution
		{D2E518D8-AD9C-46DB-98EB-D616E673E7E9}.Debug|Any CPU.ActiveCfg = Debug|Any CPU
		{D2E518D8-AD9C-46DB-98EB-D616E673E7E9}.Debug|Any CPU.Build.0 = Debug|Any CPU
		{D2E518D8-AD9C-46DB-98EB-D616E673E7E9}.Release|Any CPU.ActiveCfg = Release|Any CPU
		{D2E518D8-AD9C-46DB-98EB-D616E673E7E9}.Release|Any CPU.Build.0 = Release|Any CPU
		{C4370EBD-8BDC-4374-9AF6-FA5CB726D9A1}.Debug|Any CPU.ActiveCfg = Debug
		{C4370EBD-8BDC-4374-9AF6-FA5CB726D9A1}.Release|Any CPU.ActiveCfg = Release
	EndGlobalSection
	GlobalSection(SolutionProperties) = preSolution
		HideSolutionNode = FALSE
	EndGlobalSection
	GlobalSection(ExtensibilityGlobals) = postSolution
		SolutionGuid = {E17F0AAA-8474-4516-84B7-36F3DB0EC3D7}
	EndGlobalSection
EndGlobal
